
Microsoft Visual Studio Solution File, Format Version 12.00
# Visual Studio Version 16
VisualStudioVersion = 16.0.31613.86
MinimumVisualStudioVersion = 10.0.40219.1
Project("{FAE04EC0-301F-11D3-BF4B-00C04F79EFBC}") = "FotoAlbumProject", "FotoAlbumProject\FotoAlbumProject.csproj", "{23C9F2E3-1FCC-4231-A6BB-66693BC6FE19}"
EndProject
Global
	GlobalSection(SolutionConfigurationPlatforms) = preSolution
		Debug|Any CPU = Debug|Any CPU
		Release|Any CPU = Release|Any CPU
	EndGlobalSection
	GlobalSection(ProjectConfigurationPlatforms) = postSolution
		{23C9F2E3-1FCC-4231-A6BB-66693BC6FE19}.Debug|Any CPU.ActiveCfg = Debug|Any CPU
		{23C9F2E3-1FCC-4231-A6BB-66693BC6FE19}.Debug|Any CPU.Build.0 = Debug|Any CPU
		{23C9F2E3-1FCC-4231-A6BB-66693BC6FE19}.Release|Any CPU.ActiveCfg = Release|Any CPU
		{23C9F2E3-1FCC-4231-A6BB-66693BC6FE19}.Release|Any CPU.Build.0 = Release|Any CPU
	EndGlobalSection
	GlobalSection(SolutionProperties) = preSolution
		HideSolutionNode = FALSE
	EndGlobalSection
	GlobalSection(ExtensibilityGlobals) = postSolution
		SolutionGuid = {C59E4F49-7329-49D9-B025-D1CB84277969}
	EndGlobalSection
EndGlobal
